// !$*UTF8*$!
{
	archiveVersion = 1;
	classes = {
	};
	objectVersion = 50;
	objects = {

/* Begin PBXBuildFile section */
		A192746821BC8105009E33FD /* AppDelegate.swift in Sources */ = {isa = PBXBuildFile; fileRef = A192746721BC8105009E33FD /* AppDelegate.swift */; };
		A192746D21BC8105009E33FD /* Main.storyboard in Resources */ = {isa = PBXBuildFile; fileRef = A192746B21BC8105009E33FD /* Main.storyboard */; };
		A192746F21BC8106009E33FD /* Assets.xcassets in Resources */ = {isa = PBXBuildFile; fileRef = A192746E21BC8106009E33FD /* Assets.xcassets */; };
		A192747221BC8106009E33FD /* LaunchScreen.storyboard in Resources */ = {isa = PBXBuildFile; fileRef = A192747021BC8106009E33FD /* LaunchScreen.storyboard */; };
		A192747A21BC8DE1009E33FD /* FitnessLogsCollectionViewController.swift in Sources */ = {isa = PBXBuildFile; fileRef = A192747921BC8DE1009E33FD /* FitnessLogsCollectionViewController.swift */; };
		A192747C21BCB5D5009E33FD /* FitnessLogTabBarViewController.swift in Sources */ = {isa = PBXBuildFile; fileRef = A192747B21BCB5D5009E33FD /* FitnessLogTabBarViewController.swift */; };
		A192748021BCB77E009E33FD /* CalorieCalculatorViewController.swift in Sources */ = {isa = PBXBuildFile; fileRef = A192747F21BCB77E009E33FD /* CalorieCalculatorViewController.swift */; };
		A192748321BCB9B4009E33FD /* CoreDataStack.swift in Sources */ = {isa = PBXBuildFile; fileRef = A192748221BCB9B4009E33FD /* CoreDataStack.swift */; };
		A192748621BCBE55009E33FD /* ExerciseController.swift in Sources */ = {isa = PBXBuildFile; fileRef = A192748521BCBE55009E33FD /* ExerciseController.swift */; };
		A192748821BCC1D7009E33FD /* UserController.swift in Sources */ = {isa = PBXBuildFile; fileRef = A192748721BCC1D6009E33FD /* UserController.swift */; };
		A192748A21BCC51B009E33FD /* MealController.swift in Sources */ = {isa = PBXBuildFile; fileRef = A192748921BCC51B009E33FD /* MealController.swift */; };
		A192748C21BCC534009E33FD /* EntryController.swift in Sources */ = {isa = PBXBuildFile; fileRef = A192748B21BCC534009E33FD /* EntryController.swift */; };
		A192749121BCC5B7009E33FD /* UserProtocol.swift in Sources */ = {isa = PBXBuildFile; fileRef = A192749021BCC5B7009E33FD /* UserProtocol.swift */; };
		A192749321BCC7FF009E33FD /* FitnessLogProtocol.swift in Sources */ = {isa = PBXBuildFile; fileRef = A192749221BCC7FF009E33FD /* FitnessLogProtocol.swift */; };
		A192749621BCCE37009E33FD /* FitnessLog.xcdatamodeld in Sources */ = {isa = PBXBuildFile; fileRef = A192749421BCCE37009E33FD /* FitnessLog.xcdatamodeld */; };
		A192749821BCCE80009E33FD /* Meal+Convenience.swift in Sources */ = {isa = PBXBuildFile; fileRef = A192749721BCCE80009E33FD /* Meal+Convenience.swift */; };
		A192749A21BCD62C009E33FD /* User+Convenience.swift in Sources */ = {isa = PBXBuildFile; fileRef = A192749921BCD62C009E33FD /* User+Convenience.swift */; };
		A192749C21BCD898009E33FD /* Exercise+Convenience.swift in Sources */ = {isa = PBXBuildFile; fileRef = A192749B21BCD898009E33FD /* Exercise+Convenience.swift */; };
		A192749E21BCD8FC009E33FD /* Entry+Convenience.swift in Sources */ = {isa = PBXBuildFile; fileRef = A192749D21BCD8FC009E33FD /* Entry+Convenience.swift */; };
		A19274A021BCDEA3009E33FD /* CoreDataController.swift in Sources */ = {isa = PBXBuildFile; fileRef = A192749F21BCDEA3009E33FD /* CoreDataController.swift */; };
		A19274AE21BE0405009E33FD /* DateOperator.swift in Sources */ = {isa = PBXBuildFile; fileRef = A19274AD21BE0405009E33FD /* DateOperator.swift */; };
		A19274B021BF44C1009E33FD /* ExerciseCollectionViewCell.swift in Sources */ = {isa = PBXBuildFile; fileRef = A19274AF21BF44C1009E33FD /* ExerciseCollectionViewCell.swift */; };
		A19274B221BF4528009E33FD /* MealCollectionViewCell.swift in Sources */ = {isa = PBXBuildFile; fileRef = A19274B121BF4528009E33FD /* MealCollectionViewCell.swift */; };
		A19274B421BF5EB9009E33FD /* ExerciseDetailViewController.swift in Sources */ = {isa = PBXBuildFile; fileRef = A19274B321BF5EB8009E33FD /* ExerciseDetailViewController.swift */; };
		A19274B621BF5ECF009E33FD /* MealDetailViewController.swift in Sources */ = {isa = PBXBuildFile; fileRef = A19274B521BF5ECF009E33FD /* MealDetailViewController.swift */; };
		A19274B921BF8A96009E33FD /* SectionHeader.swift in Sources */ = {isa = PBXBuildFile; fileRef = A19274B821BF8A96009E33FD /* SectionHeader.swift */; };
		A19274BD21C09F68009E33FD /* DLRadioButton.m in Sources */ = {isa = PBXBuildFile; fileRef = A19274BC21C09F68009E33FD /* DLRadioButton.m */; };
		A19274BF21C0BB79009E33FD /* ActivityLevel.swift in Sources */ = {isa = PBXBuildFile; fileRef = A19274BE21C0BB79009E33FD /* ActivityLevel.swift */; };
		A19274C221C0C912009E33FD /* JTAppleCalendar.framework in Frameworks */ = {isa = PBXBuildFile; fileRef = A19274C121C0C912009E33FD /* JTAppleCalendar.framework */; };
		A19274C521C0CA38009E33FD /* CalendarViewController.swift in Sources */ = {isa = PBXBuildFile; fileRef = A19274C421C0CA38009E33FD /* CalendarViewController.swift */; };
		A19274C721C0CCDD009E33FD /* CustomCell.swift in Sources */ = {isa = PBXBuildFile; fileRef = A19274C621C0CCDD009E33FD /* CustomCell.swift */; };
/* End PBXBuildFile section */

/* Begin PBXFileReference section */
		A192746421BC8105009E33FD /* Fitness Log.app */ = {isa = PBXFileReference; explicitFileType = wrapper.application; includeInIndex = 0; path = "Fitness Log.app"; sourceTree = BUILT_PRODUCTS_DIR; };
		A192746721BC8105009E33FD /* AppDelegate.swift */ = {isa = PBXFileReference; lastKnownFileType = sourcecode.swift; path = AppDelegate.swift; sourceTree = "<group>"; };
		A192746C21BC8105009E33FD /* Base */ = {isa = PBXFileReference; lastKnownFileType = file.storyboard; name = Base; path = Base.lproj/Main.storyboard; sourceTree = "<group>"; };
		A192746E21BC8106009E33FD /* Assets.xcassets */ = {isa = PBXFileReference; lastKnownFileType = folder.assetcatalog; path = Assets.xcassets; sourceTree = "<group>"; };
		A192747121BC8106009E33FD /* Base */ = {isa = PBXFileReference; lastKnownFileType = file.storyboard; name = Base; path = Base.lproj/LaunchScreen.storyboard; sourceTree = "<group>"; };
		A192747321BC8107009E33FD /* Info.plist */ = {isa = PBXFileReference; lastKnownFileType = text.plist.xml; path = Info.plist; sourceTree = "<group>"; };
		A192747921BC8DE1009E33FD /* FitnessLogsCollectionViewController.swift */ = {isa = PBXFileReference; lastKnownFileType = sourcecode.swift; path = FitnessLogsCollectionViewController.swift; sourceTree = "<group>"; };
		A192747B21BCB5D5009E33FD /* FitnessLogTabBarViewController.swift */ = {isa = PBXFileReference; lastKnownFileType = sourcecode.swift; path = FitnessLogTabBarViewController.swift; sourceTree = "<group>"; };
		A192747F21BCB77E009E33FD /* CalorieCalculatorViewController.swift */ = {isa = PBXFileReference; lastKnownFileType = sourcecode.swift; path = CalorieCalculatorViewController.swift; sourceTree = "<group>"; };
		A192748221BCB9B4009E33FD /* CoreDataStack.swift */ = {isa = PBXFileReference; lastKnownFileType = sourcecode.swift; path = CoreDataStack.swift; sourceTree = "<group>"; };
		A192748521BCBE55009E33FD /* ExerciseController.swift */ = {isa = PBXFileReference; lastKnownFileType = sourcecode.swift; path = ExerciseController.swift; sourceTree = "<group>"; };
		A192748721BCC1D6009E33FD /* UserController.swift */ = {isa = PBXFileReference; lastKnownFileType = sourcecode.swift; path = UserController.swift; sourceTree = "<group>"; };
		A192748921BCC51B009E33FD /* MealController.swift */ = {isa = PBXFileReference; lastKnownFileType = sourcecode.swift; path = MealController.swift; sourceTree = "<group>"; };
		A192748B21BCC534009E33FD /* EntryController.swift */ = {isa = PBXFileReference; lastKnownFileType = sourcecode.swift; path = EntryController.swift; sourceTree = "<group>"; };
		A192749021BCC5B7009E33FD /* UserProtocol.swift */ = {isa = PBXFileReference; lastKnownFileType = sourcecode.swift; path = UserProtocol.swift; sourceTree = "<group>"; };
		A192749221BCC7FF009E33FD /* FitnessLogProtocol.swift */ = {isa = PBXFileReference; lastKnownFileType = sourcecode.swift; path = FitnessLogProtocol.swift; sourceTree = "<group>"; };
		A192749521BCCE37009E33FD /* Fitness Log.xcdatamodel */ = {isa = PBXFileReference; lastKnownFileType = wrapper.xcdatamodel; path = "Fitness Log.xcdatamodel"; sourceTree = "<group>"; };
		A192749721BCCE80009E33FD /* Meal+Convenience.swift */ = {isa = PBXFileReference; lastKnownFileType = sourcecode.swift; path = "Meal+Convenience.swift"; sourceTree = "<group>"; };
		A192749921BCD62C009E33FD /* User+Convenience.swift */ = {isa = PBXFileReference; lastKnownFileType = sourcecode.swift; path = "User+Convenience.swift"; sourceTree = "<group>"; };
		A192749B21BCD898009E33FD /* Exercise+Convenience.swift */ = {isa = PBXFileReference; lastKnownFileType = sourcecode.swift; path = "Exercise+Convenience.swift"; sourceTree = "<group>"; };
		A192749D21BCD8FC009E33FD /* Entry+Convenience.swift */ = {isa = PBXFileReference; lastKnownFileType = sourcecode.swift; path = "Entry+Convenience.swift"; sourceTree = "<group>"; };
		A192749F21BCDEA3009E33FD /* CoreDataController.swift */ = {isa = PBXFileReference; lastKnownFileType = sourcecode.swift; path = CoreDataController.swift; sourceTree = "<group>"; };
		A19274AD21BE0405009E33FD /* DateOperator.swift */ = {isa = PBXFileReference; lastKnownFileType = sourcecode.swift; path = DateOperator.swift; sourceTree = "<group>"; };
		A19274AF21BF44C1009E33FD /* ExerciseCollectionViewCell.swift */ = {isa = PBXFileReference; lastKnownFileType = sourcecode.swift; path = ExerciseCollectionViewCell.swift; sourceTree = "<group>"; };
		A19274B121BF4528009E33FD /* MealCollectionViewCell.swift */ = {isa = PBXFileReference; lastKnownFileType = sourcecode.swift; path = MealCollectionViewCell.swift; sourceTree = "<group>"; };
		A19274B321BF5EB8009E33FD /* ExerciseDetailViewController.swift */ = {isa = PBXFileReference; lastKnownFileType = sourcecode.swift; path = ExerciseDetailViewController.swift; sourceTree = "<group>"; };
		A19274B521BF5ECF009E33FD /* MealDetailViewController.swift */ = {isa = PBXFileReference; lastKnownFileType = sourcecode.swift; path = MealDetailViewController.swift; sourceTree = "<group>"; };
		A19274B821BF8A96009E33FD /* SectionHeader.swift */ = {isa = PBXFileReference; lastKnownFileType = sourcecode.swift; path = SectionHeader.swift; sourceTree = "<group>"; };
		A19274BA21C09F65009E33FD /* Fitness Log-Bridging-Header.h */ = {isa = PBXFileReference; lastKnownFileType = sourcecode.c.h; path = "Fitness Log-Bridging-Header.h"; sourceTree = "<group>"; };
		A19274BB21C09F67009E33FD /* DLRadioButton.h */ = {isa = PBXFileReference; fileEncoding = 4; lastKnownFileType = sourcecode.c.h; path = DLRadioButton.h; sourceTree = "<group>"; };
		A19274BC21C09F68009E33FD /* DLRadioButton.m */ = {isa = PBXFileReference; fileEncoding = 4; lastKnownFileType = sourcecode.c.objc; path = DLRadioButton.m; sourceTree = "<group>"; };
		A19274BE21C0BB79009E33FD /* ActivityLevel.swift */ = {isa = PBXFileReference; lastKnownFileType = sourcecode.swift; path = ActivityLevel.swift; sourceTree = "<group>"; };
		A19274C121C0C912009E33FD /* JTAppleCalendar.framework */ = {isa = PBXFileReference; lastKnownFileType = wrapper.framework; name = JTAppleCalendar.framework; path = Carthage/Build/iOS/JTAppleCalendar.framework; sourceTree = "<group>"; };
		A19274C421C0CA38009E33FD /* CalendarViewController.swift */ = {isa = PBXFileReference; lastKnownFileType = sourcecode.swift; path = CalendarViewController.swift; sourceTree = "<group>"; };
		A19274C621C0CCDD009E33FD /* CustomCell.swift */ = {isa = PBXFileReference; lastKnownFileType = sourcecode.swift; path = CustomCell.swift; sourceTree = "<group>"; };
/* End PBXFileReference section */

/* Begin PBXFrameworksBuildPhase section */
		A192746121BC8105009E33FD /* Frameworks */ = {
			isa = PBXFrameworksBuildPhase;
			buildActionMask = 2147483647;
			files = (
				A19274C221C0C912009E33FD /* JTAppleCalendar.framework in Frameworks */,
			);
			runOnlyForDeploymentPostprocessing = 0;
		};
/* End PBXFrameworksBuildPhase section */

/* Begin PBXGroup section */
		A192745B21BC8104009E33FD = {
			isa = PBXGroup;
			children = (
				A192746621BC8105009E33FD /* Fitness Log */,
				A192746521BC8105009E33FD /* Products */,
				A19274C021C0C912009E33FD /* Frameworks */,
			);
			sourceTree = "<group>";
		};
		A192746521BC8105009E33FD /* Products */ = {
			isa = PBXGroup;
			children = (
				A192746421BC8105009E33FD /* Fitness Log.app */,
			);
			name = Products;
			sourceTree = "<group>";
		};
		A192746621BC8105009E33FD /* Fitness Log */ = {
			isa = PBXGroup;
			children = (
				A19274B721BF8A63009E33FD /* Custom Classes */,
				A19274AC21BE03F4009E33FD /* Enums */,
				A192748D21BCC56F009E33FD /* Protocols */,
				A192748421BCBE3C009E33FD /* Controllers */,
				A192748121BCB9A2009E33FD /* Models */,
				A192747D21BCB5DE009E33FD /* View Controllers */,
				A192747E21BCB5FD009E33FD /* Resources */,
				A19274BA21C09F65009E33FD /* Fitness Log-Bridging-Header.h */,
			);
			path = "Fitness Log";
			sourceTree = "<group>";
		};
		A192747D21BCB5DE009E33FD /* View Controllers */ = {
			isa = PBXGroup;
			children = (
				A19274C421C0CA38009E33FD /* CalendarViewController.swift */,
				A19274B521BF5ECF009E33FD /* MealDetailViewController.swift */,
				A192747B21BCB5D5009E33FD /* FitnessLogTabBarViewController.swift */,
				A19274B321BF5EB8009E33FD /* ExerciseDetailViewController.swift */,
				A192747921BC8DE1009E33FD /* FitnessLogsCollectionViewController.swift */,
				A192747F21BCB77E009E33FD /* CalorieCalculatorViewController.swift */,
				A19274AF21BF44C1009E33FD /* ExerciseCollectionViewCell.swift */,
				A19274B121BF4528009E33FD /* MealCollectionViewCell.swift */,
			);
			path = "View Controllers";
			sourceTree = "<group>";
		};
		A192747E21BCB5FD009E33FD /* Resources */ = {
			isa = PBXGroup;
			children = (
				A192746E21BC8106009E33FD /* Assets.xcassets */,
				A192746721BC8105009E33FD /* AppDelegate.swift */,
				A192747321BC8107009E33FD /* Info.plist */,
				A192747021BC8106009E33FD /* LaunchScreen.storyboard */,
				A192746B21BC8105009E33FD /* Main.storyboard */,
			);
			path = Resources;
			sourceTree = "<group>";
		};
		A192748121BCB9A2009E33FD /* Models */ = {
			isa = PBXGroup;
			children = (
				A192748221BCB9B4009E33FD /* CoreDataStack.swift */,
				A192749421BCCE37009E33FD /* FitnessLog.xcdatamodeld */,
				A192749721BCCE80009E33FD /* Meal+Convenience.swift */,
				A192749921BCD62C009E33FD /* User+Convenience.swift */,
				A192749B21BCD898009E33FD /* Exercise+Convenience.swift */,
				A192749D21BCD8FC009E33FD /* Entry+Convenience.swift */,
			);
			path = Models;
			sourceTree = "<group>";
		};
		A192748421BCBE3C009E33FD /* Controllers */ = {
			isa = PBXGroup;
			children = (
				A192748521BCBE55009E33FD /* ExerciseController.swift */,
				A192748721BCC1D6009E33FD /* UserController.swift */,
				A192748921BCC51B009E33FD /* MealController.swift */,
				A192748B21BCC534009E33FD /* EntryController.swift */,
				A192749F21BCDEA3009E33FD /* CoreDataController.swift */,
			);
			path = Controllers;
			sourceTree = "<group>";
		};
		A192748D21BCC56F009E33FD /* Protocols */ = {
			isa = PBXGroup;
			children = (
				A192749021BCC5B7009E33FD /* UserProtocol.swift */,
				A192749221BCC7FF009E33FD /* FitnessLogProtocol.swift */,
			);
			path = Protocols;
			sourceTree = "<group>";
		};
		A19274AC21BE03F4009E33FD /* Enums */ = {
			isa = PBXGroup;
			children = (
				A19274AD21BE0405009E33FD /* DateOperator.swift */,
				A19274BE21C0BB79009E33FD /* ActivityLevel.swift */,
			);
			path = Enums;
			sourceTree = "<group>";
		};
		A19274B721BF8A63009E33FD /* Custom Classes */ = {
			isa = PBXGroup;
			children = (
				A19274BB21C09F67009E33FD /* DLRadioButton.h */,
				A19274BC21C09F68009E33FD /* DLRadioButton.m */,
				A19274C621C0CCDD009E33FD /* CustomCell.swift */,
				A19274B821BF8A96009E33FD /* SectionHeader.swift */,
			);
			path = "Custom Classes";
			sourceTree = "<group>";
		};
		A19274C021C0C912009E33FD /* Frameworks */ = {
			isa = PBXGroup;
			children = (
				A19274C121C0C912009E33FD /* JTAppleCalendar.framework */,
			);
			name = Frameworks;
			sourceTree = "<group>";
		};
/* End PBXGroup section */

/* Begin PBXNativeTarget section */
		A192746321BC8105009E33FD /* Fitness Log */ = {
			isa = PBXNativeTarget;
			buildConfigurationList = A192747621BC8107009E33FD /* Build configuration list for PBXNativeTarget "Fitness Log" */;
			buildPhases = (
				A192746021BC8105009E33FD /* Sources */,
				A192746121BC8105009E33FD /* Frameworks */,
				A192746221BC8105009E33FD /* Resources */,
				A19274C321C0C920009E33FD /* ShellScript */,
			);
			buildRules = (
			);
			dependencies = (
			);
			name = "Fitness Log";
			productName = "Fitness Log";
			productReference = A192746421BC8105009E33FD /* Fitness Log.app */;
			productType = "com.apple.product-type.application";
		};
/* End PBXNativeTarget section */

/* Begin PBXProject section */
		A192745C21BC8104009E33FD /* Project object */ = {
			isa = PBXProject;
			attributes = {
				LastSwiftUpdateCheck = 1000;
				LastUpgradeCheck = 1000;
				ORGANIZATIONNAME = "Moin Uddin";
				TargetAttributes = {
					A192746321BC8105009E33FD = {
						CreatedOnToolsVersion = 10.0;
						LastSwiftMigration = 1000;
					};
				};
			};
			buildConfigurationList = A192745F21BC8104009E33FD /* Build configuration list for PBXProject "Fitness Log" */;
			compatibilityVersion = "Xcode 9.3";
			developmentRegion = en;
			hasScannedForEncodings = 0;
			knownRegions = (
				en,
				Base,
			);
			mainGroup = A192745B21BC8104009E33FD;
			productRefGroup = A192746521BC8105009E33FD /* Products */;
			projectDirPath = "";
			projectRoot = "";
			targets = (
				A192746321BC8105009E33FD /* Fitness Log */,
			);
		};
/* End PBXProject section */

/* Begin PBXResourcesBuildPhase section */
		A192746221BC8105009E33FD /* Resources */ = {
			isa = PBXResourcesBuildPhase;
			buildActionMask = 2147483647;
			files = (
				A192747221BC8106009E33FD /* LaunchScreen.storyboard in Resources */,
				A192746F21BC8106009E33FD /* Assets.xcassets in Resources */,
				A192746D21BC8105009E33FD /* Main.storyboard in Resources */,
			);
			runOnlyForDeploymentPostprocessing = 0;
		};
/* End PBXResourcesBuildPhase section */

/* Begin PBXShellScriptBuildPhase section */
		A19274C321C0C920009E33FD /* ShellScript */ = {
			isa = PBXShellScriptBuildPhase;
			buildActionMask = 2147483647;
			files = (
			);
			inputFileListPaths = (
			);
			inputPaths = (
				"$(SRCROOT)/Carthage/Build/iOS/JTAppleCalendar.framework",
			);
			outputFileListPaths = (
			);
			outputPaths = (
				"$(DERIVED_FILE_DIR)/Carthage/Build/iOS/JTAppleCalendar.framework",
			);
			runOnlyForDeploymentPostprocessing = 0;
			shellPath = /bin/sh;
			shellScript = "/usr/local/bin/carthage copy-frameworks\n";
		};
/* End PBXShellScriptBuildPhase section */

/* Begin PBXSourcesBuildPhase section */
		A192746021BC8105009E33FD /* Sources */ = {
			isa = PBXSourcesBuildPhase;
			buildActionMask = 2147483647;
			files = (
				A19274AE21BE0405009E33FD /* DateOperator.swift in Sources */,
				A192748321BCB9B4009E33FD /* CoreDataStack.swift in Sources */,
				A192749821BCCE80009E33FD /* Meal+Convenience.swift in Sources */,
				A192748C21BCC534009E33FD /* EntryController.swift in Sources */,
				A19274B921BF8A96009E33FD /* SectionHeader.swift in Sources */,
				A19274B621BF5ECF009E33FD /* MealDetailViewController.swift in Sources */,
				A192748621BCBE55009E33FD /* ExerciseController.swift in Sources */,
				A19274B221BF4528009E33FD /* MealCollectionViewCell.swift in Sources */,
				A19274C521C0CA38009E33FD /* CalendarViewController.swift in Sources */,
				A192748A21BCC51B009E33FD /* MealController.swift in Sources */,
				A19274A021BCDEA3009E33FD /* CoreDataController.swift in Sources */,
				A192748021BCB77E009E33FD /* CalorieCalculatorViewController.swift in Sources */,
				A192749A21BCD62C009E33FD /* User+Convenience.swift in Sources */,
				A19274C721C0CCDD009E33FD /* CustomCell.swift in Sources */,
				A192749121BCC5B7009E33FD /* UserProtocol.swift in Sources */,
				A19274BD21C09F68009E33FD /* DLRadioButton.m in Sources */,
				A19274B021BF44C1009E33FD /* ExerciseCollectionViewCell.swift in Sources */,
				A192749621BCCE37009E33FD /* FitnessLog.xcdatamodeld in Sources */,
				A192747A21BC8DE1009E33FD /* FitnessLogsCollectionViewController.swift in Sources */,
				A192748821BCC1D7009E33FD /* UserController.swift in Sources */,
				A192747C21BCB5D5009E33FD /* FitnessLogTabBarViewController.swift in Sources */,
				A19274BF21C0BB79009E33FD /* ActivityLevel.swift in Sources */,
				A192749E21BCD8FC009E33FD /* Entry+Convenience.swift in Sources */,
				A192746821BC8105009E33FD /* AppDelegate.swift in Sources */,
				A192749C21BCD898009E33FD /* Exercise+Convenience.swift in Sources */,
				A192749321BCC7FF009E33FD /* FitnessLogProtocol.swift in Sources */,
				A19274B421BF5EB9009E33FD /* ExerciseDetailViewController.swift in Sources */,
			);
			runOnlyForDeploymentPostprocessing = 0;
		};
/* End PBXSourcesBuildPhase section */

/* Begin PBXVariantGroup section */
		A192746B21BC8105009E33FD /* Main.storyboard */ = {
			isa = PBXVariantGroup;
			children = (
				A192746C21BC8105009E33FD /* Base */,
			);
			name = Main.storyboard;
			sourceTree = "<group>";
		};
		A192747021BC8106009E33FD /* LaunchScreen.storyboard */ = {
			isa = PBXVariantGroup;
			children = (
				A192747121BC8106009E33FD /* Base */,
			);
			name = LaunchScreen.storyboard;
			sourceTree = "<group>";
		};
/* End PBXVariantGroup section */

/* Begin XCBuildConfiguration section */
		A192747421BC8107009E33FD /* Debug */ = {
			isa = XCBuildConfiguration;
			buildSettings = {
				ALWAYS_SEARCH_USER_PATHS = NO;
				CLANG_ANALYZER_NONNULL = YES;
				CLANG_ANALYZER_NUMBER_OBJECT_CONVERSION = YES_AGGRESSIVE;
				CLANG_CXX_LANGUAGE_STANDARD = "gnu++14";
				CLANG_CXX_LIBRARY = "libc++";
				CLANG_ENABLE_MODULES = YES;
				CLANG_ENABLE_OBJC_ARC = YES;
				CLANG_ENABLE_OBJC_WEAK = YES;
				CLANG_WARN_BLOCK_CAPTURE_AUTORELEASING = YES;
				CLANG_WARN_BOOL_CONVERSION = YES;
				CLANG_WARN_COMMA = YES;
				CLANG_WARN_CONSTANT_CONVERSION = YES;
				CLANG_WARN_DEPRECATED_OBJC_IMPLEMENTATIONS = YES;
				CLANG_WARN_DIRECT_OBJC_ISA_USAGE = YES_ERROR;
				CLANG_WARN_DOCUMENTATION_COMMENTS = YES;
				CLANG_WARN_EMPTY_BODY = YES;
				CLANG_WARN_ENUM_CONVERSION = YES;
				CLANG_WARN_INFINITE_RECURSION = YES;
				CLANG_WARN_INT_CONVERSION = YES;
				CLANG_WARN_NON_LITERAL_NULL_CONVERSION = YES;
				CLANG_WARN_OBJC_IMPLICIT_RETAIN_SELF = YES;
				CLANG_WARN_OBJC_LITERAL_CONVERSION = YES;
				CLANG_WARN_OBJC_ROOT_CLASS = YES_ERROR;
				CLANG_WARN_RANGE_LOOP_ANALYSIS = YES;
				CLANG_WARN_STRICT_PROTOTYPES = YES;
				CLANG_WARN_SUSPICIOUS_MOVE = YES;
				CLANG_WARN_UNGUARDED_AVAILABILITY = YES_AGGRESSIVE;
				CLANG_WARN_UNREACHABLE_CODE = YES;
				CLANG_WARN__DUPLICATE_METHOD_MATCH = YES;
				CODE_SIGN_IDENTITY = "iPhone Developer";
				COPY_PHASE_STRIP = NO;
				DEBUG_INFORMATION_FORMAT = dwarf;
				ENABLE_STRICT_OBJC_MSGSEND = YES;
				ENABLE_TESTABILITY = YES;
				GCC_C_LANGUAGE_STANDARD = gnu11;
				GCC_DYNAMIC_NO_PIC = NO;
				GCC_NO_COMMON_BLOCKS = YES;
				GCC_OPTIMIZATION_LEVEL = 0;
				GCC_PREPROCESSOR_DEFINITIONS = (
					"DEBUG=1",
					"$(inherited)",
				);
				GCC_WARN_64_TO_32_BIT_CONVERSION = YES;
				GCC_WARN_ABOUT_RETURN_TYPE = YES_ERROR;
				GCC_WARN_UNDECLARED_SELECTOR = YES;
				GCC_WARN_UNINITIALIZED_AUTOS = YES_AGGRESSIVE;
				GCC_WARN_UNUSED_FUNCTION = YES;
				GCC_WARN_UNUSED_VARIABLE = YES;
				IPHONEOS_DEPLOYMENT_TARGET = 12.0;
				MTL_ENABLE_DEBUG_INFO = INCLUDE_SOURCE;
				MTL_FAST_MATH = YES;
				ONLY_ACTIVE_ARCH = YES;
				SDKROOT = iphoneos;
				SWIFT_ACTIVE_COMPILATION_CONDITIONS = DEBUG;
				SWIFT_OPTIMIZATION_LEVEL = "-Onone";
			};
			name = Debug;
		};
		A192747521BC8107009E33FD /* Release */ = {
			isa = XCBuildConfiguration;
			buildSettings = {
				ALWAYS_SEARCH_USER_PATHS = NO;
				CLANG_ANALYZER_NONNULL = YES;
				CLANG_ANALYZER_NUMBER_OBJECT_CONVERSION = YES_AGGRESSIVE;
				CLANG_CXX_LANGUAGE_STANDARD = "gnu++14";
				CLANG_CXX_LIBRARY = "libc++";
				CLANG_ENABLE_MODULES = YES;
				CLANG_ENABLE_OBJC_ARC = YES;
				CLANG_ENABLE_OBJC_WEAK = YES;
				CLANG_WARN_BLOCK_CAPTURE_AUTORELEASING = YES;
				CLANG_WARN_BOOL_CONVERSION = YES;
				CLANG_WARN_COMMA = YES;
				CLANG_WARN_CONSTANT_CONVERSION = YES;
				CLANG_WARN_DEPRECATED_OBJC_IMPLEMENTATIONS = YES;
				CLANG_WARN_DIRECT_OBJC_ISA_USAGE = YES_ERROR;
				CLANG_WARN_DOCUMENTATION_COMMENTS = YES;
				CLANG_WARN_EMPTY_BODY = YES;
				CLANG_WARN_ENUM_CONVERSION = YES;
				CLANG_WARN_INFINITE_RECURSION = YES;
				CLANG_WARN_INT_CONVERSION = YES;
				CLANG_WARN_NON_LITERAL_NULL_CONVERSION = YES;
				CLANG_WARN_OBJC_IMPLICIT_RETAIN_SELF = YES;
				CLANG_WARN_OBJC_LITERAL_CONVERSION = YES;
				CLANG_WARN_OBJC_ROOT_CLASS = YES_ERROR;
				CLANG_WARN_RANGE_LOOP_ANALYSIS = YES;
				CLANG_WARN_STRICT_PROTOTYPES = YES;
				CLANG_WARN_SUSPICIOUS_MOVE = YES;
				CLANG_WARN_UNGUARDED_AVAILABILITY = YES_AGGRESSIVE;
				CLANG_WARN_UNREACHABLE_CODE = YES;
				CLANG_WARN__DUPLICATE_METHOD_MATCH = YES;
				CODE_SIGN_IDENTITY = "iPhone Developer";
				COPY_PHASE_STRIP = NO;
				DEBUG_INFORMATION_FORMAT = "dwarf-with-dsym";
				ENABLE_NS_ASSERTIONS = NO;
				ENABLE_STRICT_OBJC_MSGSEND = YES;
				GCC_C_LANGUAGE_STANDARD = gnu11;
				GCC_NO_COMMON_BLOCKS = YES;
				GCC_WARN_64_TO_32_BIT_CONVERSION = YES;
				GCC_WARN_ABOUT_RETURN_TYPE = YES_ERROR;
				GCC_WARN_UNDECLARED_SELECTOR = YES;
				GCC_WARN_UNINITIALIZED_AUTOS = YES_AGGRESSIVE;
				GCC_WARN_UNUSED_FUNCTION = YES;
				GCC_WARN_UNUSED_VARIABLE = YES;
				IPHONEOS_DEPLOYMENT_TARGET = 12.0;
				MTL_ENABLE_DEBUG_INFO = NO;
				MTL_FAST_MATH = YES;
				SDKROOT = iphoneos;
				SWIFT_COMPILATION_MODE = wholemodule;
				SWIFT_OPTIMIZATION_LEVEL = "-O";
				VALIDATE_PRODUCT = YES;
			};
			name = Release;
		};
		A192747721BC8107009E33FD /* Debug */ = {
			isa = XCBuildConfiguration;
			buildSettings = {
				ASSETCATALOG_COMPILER_APPICON_NAME = AppIcon;
				CLANG_ENABLE_MODULES = YES;
				CODE_SIGN_STYLE = Automatic;
				DEVELOPMENT_TEAM = 7WH6XTF8JG;
				FRAMEWORK_SEARCH_PATHS = (
					"$(inherited)",
					"$(PROJECT_DIR)/Carthage/Build/iOS",
				);
				INFOPLIST_FILE = "$(SRCROOT)/Fitness Log/Resources/Info.plist";
				LD_RUNPATH_SEARCH_PATHS = (
					"$(inherited)",
					"@executable_path/Frameworks",
				);
				PRODUCT_BUNDLE_IDENTIFIER = "com.moinuddin.Fitness-Log";
				PRODUCT_NAME = "$(TARGET_NAME)";
				SWIFT_OBJC_BRIDGING_HEADER = "Fitness Log/Fitness Log-Bridging-Header.h";
				SWIFT_OPTIMIZATION_LEVEL = "-Onone";
				SWIFT_VERSION = 4.2;
				TARGETED_DEVICE_FAMILY = "1,2";
			};
			name = Debug;
		};
		A192747821BC8107009E33FD /* Release */ = {
			isa = XCBuildConfiguration;
			buildSettings = {
				ASSETCATALOG_COMPILER_APPICON_NAME = AppIcon;
				CLANG_ENABLE_MODULES = YES;
				CODE_SIGN_STYLE = Automatic;
				DEVELOPMENT_TEAM = 7WH6XTF8JG;
				FRAMEWORK_SEARCH_PATHS = (
					"$(inherited)",
					"$(PROJECT_DIR)/Carthage/Build/iOS",
				);
				INFOPLIST_FILE = "$(SRCROOT)/Fitness Log/Resources/Info.plist";
				LD_RUNPATH_SEARCH_PATHS = (
					"$(inherited)",
					"@executable_path/Frameworks",
				);
				PRODUCT_BUNDLE_IDENTIFIER = "com.moinuddin.Fitness-Log";
				PRODUCT_NAME = "$(TARGET_NAME)";
				SWIFT_OBJC_BRIDGING_HEADER = "Fitness Log/Fitness Log-Bridging-Header.h";
				SWIFT_VERSION = 4.2;
				TARGETED_DEVICE_FAMILY = "1,2";
			};
			name = Release;
		};
/* End XCBuildConfiguration section */

/* Begin XCConfigurationList section */
		A192745F21BC8104009E33FD /* Build configuration list for PBXProject "Fitness Log" */ = {
			isa = XCConfigurationList;
			buildConfigurations = (
				A192747421BC8107009E33FD /* Debug */,
				A192747521BC8107009E33FD /* Release */,
			);
			defaultConfigurationIsVisible = 0;
			defaultConfigurationName = Release;
		};
		A192747621BC8107009E33FD /* Build configuration list for PBXNativeTarget "Fitness Log" */ = {
			isa = XCConfigurationList;
			buildConfigurations = (
				A192747721BC8107009E33FD /* Debug */,
				A192747821BC8107009E33FD /* Release */,
			);
			defaultConfigurationIsVisible = 0;
			defaultConfigurationName = Release;
		};
/* End XCConfigurationList section */

/* Begin XCVersionGroup section */
		A192749421BCCE37009E33FD /* FitnessLog.xcdatamodeld */ = {
			isa = XCVersionGroup;
			children = (
				A192749521BCCE37009E33FD /* Fitness Log.xcdatamodel */,
			);
			currentVersion = A192749521BCCE37009E33FD /* Fitness Log.xcdatamodel */;
			path = FitnessLog.xcdatamodeld;
			sourceTree = "<group>";
			versionGroupType = wrapper.xcdatamodel;
		};
/* End XCVersionGroup section */
	};
	rootObject = A192745C21BC8104009E33FD /* Project object */;
}
